
Microsoft Visual Studio Solution File, Format Version 12.00
# Visual Studio Version 17
VisualStudioVersion = 17.4.33213.308
MinimumVisualStudioVersion = 10.0.40219.1
Project("{FAE04EC0-301F-11D3-BF4B-00C04F79EFBC}") = "Banco", "Banco.csproj", "{DF6228EF-A746-4795-9CFE-85BDBDAB68F1}"
EndProject
Global
	GlobalSection(SolutionConfigurationPlatforms) = preSolution
		Debug|Any CPU = Debug|Any CPU
		Release|Any CPU = Release|Any CPU
	EndGlobalSection
	GlobalSection(ProjectConfigurationPlatforms) = postSolution
		{DF6228EF-A746-4795-9CFE-85BDBDAB68F1}.Debug|Any CPU.ActiveCfg = Debug|Any CPU
		{DF6228EF-A746-4795-9CFE-85BDBDAB68F1}.Debug|Any CPU.Build.0 = Debug|Any CPU
		{DF6228EF-A746-4795-9CFE-85BDBDAB68F1}.Release|Any CPU.ActiveCfg = Release|Any CPU
		{DF6228EF-A746-4795-9CFE-85BDBDAB68F1}.Release|Any CPU.Build.0 = Release|Any CPU
	EndGlobalSection
	GlobalSection(SolutionProperties) = preSolution
		HideSolutionNode = FALSE
	EndGlobalSection
	GlobalSection(ExtensibilityGlobals) = postSolution
		SolutionGuid = {88CFA65A-0DE5-43BD-BD0E-C908E0B9A12A}
	EndGlobalSection
EndGlobal
